<Solution>
  <Folder Name="/src/">
    <Project Path="src/ElBruno.Text2Image/ElBruno.Text2Image.csproj" />
    <Project Path="src/ElBruno.Text2Image.Tests/ElBruno.Text2Image.Tests.csproj" />
  </Folder>
  <Folder Name="/samples/">
    <Project Path="src/samples/scenario-01-simple/scenario-01-simple.csproj" />
    <Project Path="src/samples/scenario-02-custom-options/scenario-02-custom-options.csproj" />
  </Folder>
</Solution>
